// !$*UTF8*$!
{
	archiveVersion = 1;
	classes = {
	};
	objectVersion = 56;
	objects = {

/* Begin PBXBuildFile section */
		3416B89328EB322500707DBE /* Final_Grade_CalculatorApp.swift in Sources */ = {isa = PBXBuildFile; fileRef = 3416B89228EB322500707DBE /* Final_Grade_CalculatorApp.swift */; };
		3416B89528EB322500707DBE /* ContentView.swift in Sources */ = {isa = PBXBuildFile; fileRef = 3416B89428EB322500707DBE /* ContentView.swift */; };
		3416B89728EB322600707DBE /* Assets.xcassets in Resources */ = {isa = PBXBuildFile; fileRef = 3416B89628EB322600707DBE /* Assets.xcassets */; };
		3416B89A28EB322600707DBE /* Preview Assets.xcassets in Resources */ = {isa = PBXBuildFile; fileRef = 3416B89928EB322600707DBE /* Preview Assets.xcassets */; };
		3416B8A428EB322600707DBE /* Final_Grade_CalculatorTests.swift in Sources */ = {isa = PBXBuildFile; fileRef = 3416B8A328EB322600707DBE /* Final_Grade_CalculatorTests.swift */; };
		3416B8AE28EB322600707DBE /* Final_Grade_CalculatorUITests.swift in Sources */ = {isa = PBXBuildFile; fileRef = 3416B8AD28EB322600707DBE /* Final_Grade_CalculatorUITests.swift */; };
		3416B8B028EB322600707DBE /* Final_Grade_CalculatorUITestsLaunchTests.swift in Sources */ = {isa = PBXBuildFile; fileRef = 3416B8AF28EB322600707DBE /* Final_Grade_CalculatorUITestsLaunchTests.swift */; };
/* End PBXBuildFile section */

/* Begin PBXContainerItemProxy section */
		3416B8A028EB322600707DBE /* PBXContainerItemProxy */ = {
			isa = PBXContainerItemProxy;
			containerPortal = 3416B88728EB322500707DBE /* Project object */;
			proxyType = 1;
			remoteGlobalIDString = 3416B88E28EB322500707DBE;
			remoteInfo = "Final Grade Calculator";
		};
		3416B8AA28EB322600707DBE /* PBXContainerItemProxy */ = {
			isa = PBXContainerItemProxy;
			containerPortal = 3416B88728EB322500707DBE /* Project object */;
			proxyType = 1;
			remoteGlobalIDString = 3416B88E28EB322500707DBE;
			remoteInfo = "Final Grade Calculator";
		};
/* End PBXContainerItemProxy section */

/* Begin PBXFileReference section */
		3416B88F28EB322500707DBE /* Final Grade Calculator.app */ = {isa = PBXFileReference; explicitFileType = wrapper.application; includeInIndex = 0; path = "Final Grade Calculator.app"; sourceTree = BUILT_PRODUCTS_DIR; };
		3416B89228EB322500707DBE /* Final_Grade_CalculatorApp.swift */ = {isa = PBXFileReference; lastKnownFileType = sourcecode.swift; path = Final_Grade_CalculatorApp.swift; sourceTree = "<group>"; };
		3416B89428EB322500707DBE /* ContentView.swift */ = {isa = PBXFileReference; lastKnownFileType = sourcecode.swift; path = ContentView.swift; sourceTree = "<group>"; };
		3416B89628EB322600707DBE /* Assets.xcassets */ = {isa = PBXFileReference; lastKnownFileType = folder.assetcatalog; path = Assets.xcassets; sourceTree = "<group>"; };
		3416B89928EB322600707DBE /* Preview Assets.xcassets */ = {isa = PBXFileReference; lastKnownFileType = folder.assetcatalog; path = "Preview Assets.xcassets"; sourceTree = "<group>"; };
		3416B89F28EB322600707DBE /* Final Grade CalculatorTests.xctest */ = {isa = PBXFileReference; explicitFileType = wrapper.cfbundle; includeInIndex = 0; path = "Final Grade CalculatorTests.xctest"; sourceTree = BUILT_PRODUCTS_DIR; };
		3416B8A328EB322600707DBE /* Final_Grade_CalculatorTests.swift */ = {isa = PBXFileReference; lastKnownFileType = sourcecode.swift; path = Final_Grade_CalculatorTests.swift; sourceTree = "<group>"; };
		3416B8A928EB322600707DBE /* Final Grade CalculatorUITests.xctest */ = {isa = PBXFileReference; explicitFileType = wrapper.cfbundle; includeInIndex = 0; path = "Final Grade CalculatorUITests.xctest"; sourceTree = BUILT_PRODUCTS_DIR; };
		3416B8AD28EB322600707DBE /* Final_Grade_CalculatorUITests.swift */ = {isa = PBXFileReference; lastKnownFileType = sourcecode.swift; path = Final_Grade_CalculatorUITests.swift; sourceTree = "<group>"; };
		3416B8AF28EB322600707DBE /* Final_Grade_CalculatorUITestsLaunchTests.swift */ = {isa = PBXFileReference; lastKnownFileType = sourcecode.swift; path = Final_Grade_CalculatorUITestsLaunchTests.swift; sourceTree = "<group>"; };
/* End PBXFileReference section */

/* Begin PBXFrameworksBuildPhase section */
		3416B88C28EB322500707DBE /* Frameworks */ = {
			isa = PBXFrameworksBuildPhase;
			buildActionMask = 2147483647;
			files = (
			);
			runOnlyForDeploymentPostprocessing = 0;
		};
		3416B89C28EB322600707DBE /* Frameworks */ = {
			isa = PBXFrameworksBuildPhase;
			buildActionMask = 2147483647;
			files = (
			);
			runOnlyForDeploymentPostprocessing = 0;
		};
		3416B8A628EB322600707DBE /* Frameworks */ = {
			isa = PBXFrameworksBuildPhase;
			buildActionMask = 2147483647;
			files = (
			);
			runOnlyForDeploymentPostprocessing = 0;
		};
/* End PBXFrameworksBuildPhase section */

/* Begin PBXGroup section */
		3416B88628EB322500707DBE = {
			isa = PBXGroup;
			children = (
				3416B89128EB322500707DBE /* Final Grade Calculator */,
				3416B8A228EB322600707DBE /* Final Grade CalculatorTests */,
				3416B8AC28EB322600707DBE /* Final Grade CalculatorUITests */,
				3416B89028EB322500707DBE /* Products */,
			);
			sourceTree = "<group>";
		};
		3416B89028EB322500707DBE /* Products */ = {
			isa = PBXGroup;
			children = (
				3416B88F28EB322500707DBE /* Final Grade Calculator.app */,
				3416B89F28EB322600707DBE /* Final Grade CalculatorTests.xctest */,
				3416B8A928EB322600707DBE /* Final Grade CalculatorUITests.xctest */,
			);
			name = Products;
			sourceTree = "<group>";
		};
		3416B89128EB322500707DBE /* Final Grade Calculator */ = {
			isa = PBXGroup;
			children = (
				3416B89228EB322500707DBE /* Final_Grade_CalculatorApp.swift */,
				3416B89428EB322500707DBE /* ContentView.swift */,
				3416B89628EB322600707DBE /* Assets.xcassets */,
				3416B89828EB322600707DBE /* Preview Content */,
			);
			path = "Final Grade Calculator";
			sourceTree = "<group>";
		};
		3416B89828EB322600707DBE /* Preview Content */ = {
			isa = PBXGroup;
			children = (
				3416B89928EB322600707DBE /* Preview Assets.xcassets */,
			);
			path = "Preview Content";
			sourceTree = "<group>";
		};
		3416B8A228EB322600707DBE /* Final Grade CalculatorTests */ = {
			isa = PBXGroup;
			children = (
				3416B8A328EB322600707DBE /* Final_Grade_CalculatorTests.swift */,
			);
			path = "Final Grade CalculatorTests";
			sourceTree = "<group>";
		};
		3416B8AC28EB322600707DBE /* Final Grade CalculatorUITests */ = {
			isa = PBXGroup;
			children = (
				3416B8AD28EB322600707DBE /* Final_Grade_CalculatorUITests.swift */,
				3416B8AF28EB322600707DBE /* Final_Grade_CalculatorUITestsLaunchTests.swift */,
			);
			path = "Final Grade CalculatorUITests";
			sourceTree = "<group>";
		};
/* End PBXGroup section */

/* Begin PBXNativeTarget section */
		3416B88E28EB322500707DBE /* Final Grade Calculator */ = {
			isa = PBXNativeTarget;
			buildConfigurationList = 3416B8B328EB322600707DBE /* Build configuration list for PBXNativeTarget "Final Grade Calculator" */;
			buildPhases = (
				3416B88B28EB322500707DBE /* Sources */,
				3416B88C28EB322500707DBE /* Frameworks */,
				3416B88D28EB322500707DBE /* Resources */,
			);
			buildRules = (
			);
			dependencies = (
			);
			name = "Final Grade Calculator";
			productName = "Final Grade Calculator";
			productReference = 3416B88F28EB322500707DBE /* Final Grade Calculator.app */;
			productType = "com.apple.product-type.application";
		};
		3416B89E28EB322600707DBE /* Final Grade CalculatorTests */ = {
			isa = PBXNativeTarget;
			buildConfigurationList = 3416B8B628EB322600707DBE /* Build configuration list for PBXNativeTarget "Final Grade CalculatorTests" */;
			buildPhases = (
				3416B89B28EB322600707DBE /* Sources */,
				3416B89C28EB322600707DBE /* Frameworks */,
				3416B89D28EB322600707DBE /* Resources */,
			);
			buildRules = (
			);
			dependencies = (
				3416B8A128EB322600707DBE /* PBXTargetDependency */,
			);
			name = "Final Grade CalculatorTests";
			productName = "Final Grade CalculatorTests";
			productReference = 3416B89F28EB322600707DBE /* Final Grade CalculatorTests.xctest */;
			productType = "com.apple.product-type.bundle.unit-test";
		};
		3416B8A828EB322600707DBE /* Final Grade CalculatorUITests */ = {
			isa = PBXNativeTarget;
			buildConfigurationList = 3416B8B928EB322600707DBE /* Build configuration list for PBXNativeTarget "Final Grade CalculatorUITests" */;
			buildPhases = (
				3416B8A528EB322600707DBE /* Sources */,
				3416B8A628EB322600707DBE /* Frameworks */,
				3416B8A728EB322600707DBE /* Resources */,
			);
			buildRules = (
			);
			dependencies = (
				3416B8AB28EB322600707DBE /* PBXTargetDependency */,
			);
			name = "Final Grade CalculatorUITests";
			productName = "Final Grade CalculatorUITests";
			productReference = 3416B8A928EB322600707DBE /* Final Grade CalculatorUITests.xctest */;
			productType = "com.apple.product-type.bundle.ui-testing";
		};
/* End PBXNativeTarget section */

/* Begin PBXProject section */
		3416B88728EB322500707DBE /* Project object */ = {
			isa = PBXProject;
			attributes = {
				BuildIndependentTargetsInParallel = 1;
				LastSwiftUpdateCheck = 1400;
				LastUpgradeCheck = 1400;
				TargetAttributes = {
					3416B88E28EB322500707DBE = {
						CreatedOnToolsVersion = 14.0;
					};
					3416B89E28EB322600707DBE = {
						CreatedOnToolsVersion = 14.0;
						TestTargetID = 3416B88E28EB322500707DBE;
					};
					3416B8A828EB322600707DBE = {
						CreatedOnToolsVersion = 14.0;
						TestTargetID = 3416B88E28EB322500707DBE;
					};
				};
			};
			buildConfigurationList = 3416B88A28EB322500707DBE /* Build configuration list for PBXProject "Final Grade Calculator" */;
			compatibilityVersion = "Xcode 14.0";
			developmentRegion = en;
			hasScannedForEncodings = 0;
			knownRegions = (
				en,
				Base,
			);
			mainGroup = 3416B88628EB322500707DBE;
			productRefGroup = 3416B89028EB322500707DBE /* Products */;
			projectDirPath = "";
			projectRoot = "";
			targets = (
				3416B88E28EB322500707DBE /* Final Grade Calculator */,
				3416B89E28EB322600707DBE /* Final Grade CalculatorTests */,
				3416B8A828EB322600707DBE /* Final Grade CalculatorUITests */,
			);
		};
/* End PBXProject section */

/* Begin PBXResourcesBuildPhase section */
		3416B88D28EB322500707DBE /* Resources */ = {
			isa = PBXResourcesBuildPhase;
			buildActionMask = 2147483647;
			files = (
				3416B89A28EB322600707DBE /* Preview Assets.xcassets in Resources */,
				3416B89728EB322600707DBE /* Assets.xcassets in Resources */,
			);
			runOnlyForDeploymentPostprocessing = 0;
		};
		3416B89D28EB322600707DBE /* Resources */ = {
			isa = PBXResourcesBuildPhase;
			buildActionMask = 2147483647;
			files = (
			);
			runOnlyForDeploymentPostprocessing = 0;
		};
		3416B8A728EB322600707DBE /* Resources */ = {
			isa = PBXResourcesBuildPhase;
			buildActionMask = 2147483647;
			files = (
			);
			runOnlyForDeploymentPostprocessing = 0;
		};
/* End PBXResourcesBuildPhase section */

/* Begin PBXSourcesBuildPhase section */
		3416B88B28EB322500707DBE /* Sources */ = {
			isa = PBXSourcesBuildPhase;
			buildActionMask = 2147483647;
			files = (
				3416B89528EB322500707DBE /* ContentView.swift in Sources */,
				3416B89328EB322500707DBE /* Final_Grade_CalculatorApp.swift in Sources */,
			);
			runOnlyForDeploymentPostprocessing = 0;
		};
		3416B89B28EB322600707DBE /* Sources */ = {
			isa = PBXSourcesBuildPhase;
			buildActionMask = 2147483647;
			files = (
				3416B8A428EB322600707DBE /* Final_Grade_CalculatorTests.swift in Sources */,
			);
			runOnlyForDeploymentPostprocessing = 0;
		};
		3416B8A528EB322600707DBE /* Sources */ = {
			isa = PBXSourcesBuildPhase;
			buildActionMask = 2147483647;
			files = (
				3416B8AE28EB322600707DBE /* Final_Grade_CalculatorUITests.swift in Sources */,
				3416B8B028EB322600707DBE /* Final_Grade_CalculatorUITestsLaunchTests.swift in Sources */,
			);
			runOnlyForDeploymentPostprocessing = 0;
		};
/* End PBXSourcesBuildPhase section */

/* Begin PBXTargetDependency section */
		3416B8A128EB322600707DBE /* PBXTargetDependency */ = {
			isa = PBXTargetDependency;
			target = 3416B88E28EB322500707DBE /* Final Grade Calculator */;
			targetProxy = 3416B8A028EB322600707DBE /* PBXContainerItemProxy */;
		};
		3416B8AB28EB322600707DBE /* PBXTargetDependency */ = {
			isa = PBXTargetDependency;
			target = 3416B88E28EB322500707DBE /* Final Grade Calculator */;
			targetProxy = 3416B8AA28EB322600707DBE /* PBXContainerItemProxy */;
		};
/* End PBXTargetDependency section */

/* Begin XCBuildConfiguration section */
		3416B8B128EB322600707DBE /* Debug */ = {
			isa = XCBuildConfiguration;
			buildSettings = {
				ALWAYS_SEARCH_USER_PATHS = NO;
				CLANG_ANALYZER_NONNULL = YES;
				CLANG_ANALYZER_NUMBER_OBJECT_CONVERSION = YES_AGGRESSIVE;
				CLANG_CXX_LANGUAGE_STANDARD = "gnu++20";
				CLANG_ENABLE_MODULES = YES;
				CLANG_ENABLE_OBJC_ARC = YES;
				CLANG_ENABLE_OBJC_WEAK = YES;
				CLANG_WARN_BLOCK_CAPTURE_AUTORELEASING = YES;
				CLANG_WARN_BOOL_CONVERSION = YES;
				CLANG_WARN_COMMA = YES;
				CLANG_WARN_CONSTANT_CONVERSION = YES;
				CLANG_WARN_DEPRECATED_OBJC_IMPLEMENTATIONS = YES;
				CLANG_WARN_DIRECT_OBJC_ISA_USAGE = YES_ERROR;
				CLANG_WARN_DOCUMENTATION_COMMENTS = YES;
				CLANG_WARN_EMPTY_BODY = YES;
				CLANG_WARN_ENUM_CONVERSION = YES;
				CLANG_WARN_INFINITE_RECURSION = YES;
				CLANG_WARN_INT_CONVERSION = YES;
				CLANG_WARN_NON_LITERAL_NULL_CONVERSION = YES;
				CLANG_WARN_OBJC_IMPLICIT_RETAIN_SELF = YES;
				CLANG_WARN_OBJC_LITERAL_CONVERSION = YES;
				CLANG_WARN_OBJC_ROOT_CLASS = YES_ERROR;
				CLANG_WARN_QUOTED_INCLUDE_IN_FRAMEWORK_HEADER = YES;
				CLANG_WARN_RANGE_LOOP_ANALYSIS = YES;
				CLANG_WARN_STRICT_PROTOTYPES = YES;
				CLANG_WARN_SUSPICIOUS_MOVE = YES;
				CLANG_WARN_UNGUARDED_AVAILABILITY = YES_AGGRESSIVE;
				CLANG_WARN_UNREACHABLE_CODE = YES;
				CLANG_WARN__DUPLICATE_METHOD_MATCH = YES;
				COPY_PHASE_STRIP = NO;
				DEBUG_INFORMATION_FORMAT = dwarf;
				ENABLE_STRICT_OBJC_MSGSEND = YES;
				ENABLE_TESTABILITY = YES;
				GCC_C_LANGUAGE_STANDARD = gnu11;
				GCC_DYNAMIC_NO_PIC = NO;
				GCC_NO_COMMON_BLOCKS = YES;
				GCC_OPTIMIZATION_LEVEL = 0;
				GCC_PREPROCESSOR_DEFINITIONS = (
					"DEBUG=1",
					"$(inherited)",
				);
				GCC_WARN_64_TO_32_BIT_CONVERSION = YES;
				GCC_WARN_ABOUT_RETURN_TYPE = YES_ERROR;
				GCC_WARN_UNDECLARED_SELECTOR = YES;
				GCC_WARN_UNINITIALIZED_AUTOS = YES_AGGRESSIVE;
				GCC_WARN_UNUSED_FUNCTION = YES;
				GCC_WARN_UNUSED_VARIABLE = YES;
				IPHONEOS_DEPLOYMENT_TARGET = 16.0;
				MTL_ENABLE_DEBUG_INFO = INCLUDE_SOURCE;
				MTL_FAST_MATH = YES;
				ONLY_ACTIVE_ARCH = YES;
				SDKROOT = iphoneos;
				SWIFT_ACTIVE_COMPILATION_CONDITIONS = DEBUG;
				SWIFT_OPTIMIZATION_LEVEL = "-Onone";
			};
			name = Debug;
		};
		3416B8B228EB322600707DBE /* Release */ = {
			isa = XCBuildConfiguration;
			buildSettings = {
				ALWAYS_SEARCH_USER_PATHS = NO;
				CLANG_ANALYZER_NONNULL = YES;
				CLANG_ANALYZER_NUMBER_OBJECT_CONVERSION = YES_AGGRESSIVE;
				CLANG_CXX_LANGUAGE_STANDARD = "gnu++20";
				CLANG_ENABLE_MODULES = YES;
				CLANG_ENABLE_OBJC_ARC = YES;
				CLANG_ENABLE_OBJC_WEAK = YES;
				CLANG_WARN_BLOCK_CAPTURE_AUTORELEASING = YES;
				CLANG_WARN_BOOL_CONVERSION = YES;
				CLANG_WARN_COMMA = YES;
				CLANG_WARN_CONSTANT_CONVERSION = YES;
				CLANG_WARN_DEPRECATED_OBJC_IMPLEMENTATIONS = YES;
				CLANG_WARN_DIRECT_OBJC_ISA_USAGE = YES_ERROR;
				CLANG_WARN_DOCUMENTATION_COMMENTS = YES;
				CLANG_WARN_EMPTY_BODY = YES;
				CLANG_WARN_ENUM_CONVERSION = YES;
				CLANG_WARN_INFINITE_RECURSION = YES;
				CLANG_WARN_INT_CONVERSION = YES;
				CLANG_WARN_NON_LITERAL_NULL_CONVERSION = YES;
				CLANG_WARN_OBJC_IMPLICIT_RETAIN_SELF = YES;
				CLANG_WARN_OBJC_LITERAL_CONVERSION = YES;
				CLANG_WARN_OBJC_ROOT_CLASS = YES_ERROR;
				CLANG_WARN_QUOTED_INCLUDE_IN_FRAMEWORK_HEADER = YES;
				CLANG_WARN_RANGE_LOOP_ANALYSIS = YES;
				CLANG_WARN_STRICT_PROTOTYPES = YES;
				CLANG_WARN_SUSPICIOUS_MOVE = YES;
				CLANG_WARN_UNGUARDED_AVAILABILITY = YES_AGGRESSIVE;
				CLANG_WARN_UNREACHABLE_CODE = YES;
				CLANG_WARN__DUPLICATE_METHOD_MATCH = YES;
				COPY_PHASE_STRIP = NO;
				DEBUG_INFORMATION_FORMAT = "dwarf-with-dsym";
				ENABLE_NS_ASSERTIONS = NO;
				ENABLE_STRICT_OBJC_MSGSEND = YES;
				GCC_C_LANGUAGE_STANDARD = gnu11;
				GCC_NO_COMMON_BLOCKS = YES;
				GCC_WARN_64_TO_32_BIT_CONVERSION = YES;
				GCC_WARN_ABOUT_RETURN_TYPE = YES_ERROR;
				GCC_WARN_UNDECLARED_SELECTOR = YES;
				GCC_WARN_UNINITIALIZED_AUTOS = YES_AGGRESSIVE;
				GCC_WARN_UNUSED_FUNCTION = YES;
				GCC_WARN_UNUSED_VARIABLE = YES;
				IPHONEOS_DEPLOYMENT_TARGET = 16.0;
				MTL_ENABLE_DEBUG_INFO = NO;
				MTL_FAST_MATH = YES;
				SDKROOT = iphoneos;
				SWIFT_COMPILATION_MODE = wholemodule;
				SWIFT_OPTIMIZATION_LEVEL = "-O";
				VALIDATE_PRODUCT = YES;
			};
			name = Release;
		};
		3416B8B428EB322600707DBE /* Debug */ = {
			isa = XCBuildConfiguration;
			buildSettings = {
				ASSETCATALOG_COMPILER_APPICON_NAME = AppIcon;
				ASSETCATALOG_COMPILER_GLOBAL_ACCENT_COLOR_NAME = AccentColor;
				CODE_SIGN_STYLE = Automatic;
				CURRENT_PROJECT_VERSION = 1;
				DEVELOPMENT_ASSET_PATHS = "\"Final Grade Calculator/Preview Content\"";
				DEVELOPMENT_TEAM = K5B95PW75W;
				ENABLE_PREVIEWS = YES;
				GENERATE_INFOPLIST_FILE = YES;
				INFOPLIST_KEY_UIApplicationSceneManifest_Generation = YES;
				INFOPLIST_KEY_UIApplicationSupportsIndirectInputEvents = YES;
				INFOPLIST_KEY_UILaunchScreen_Generation = YES;
				INFOPLIST_KEY_UISupportedInterfaceOrientations_iPad = "UIInterfaceOrientationPortrait UIInterfaceOrientationPortraitUpsideDown UIInterfaceOrientationLandscapeLeft UIInterfaceOrientationLandscapeRight";
				INFOPLIST_KEY_UISupportedInterfaceOrientations_iPhone = "UIInterfaceOrientationPortrait UIInterfaceOrientationLandscapeLeft UIInterfaceOrientationLandscapeRight";
				LD_RUNPATH_SEARCH_PATHS = (
					"$(inherited)",
					"@executable_path/Frameworks",
				);
				MARKETING_VERSION = 1.0;
				PRODUCT_BUNDLE_IDENTIFIER = "oliver-industries.Final-Grade-Calculator";
				PRODUCT_NAME = "$(TARGET_NAME)";
				SWIFT_EMIT_LOC_STRINGS = YES;
				SWIFT_VERSION = 5.0;
				TARGETED_DEVICE_FAMILY = "1,2";
			};
			name = Debug;
		};
		3416B8B528EB322600707DBE /* Release */ = {
			isa = XCBuildConfiguration;
			buildSettings = {
				ASSETCATALOG_COMPILER_APPICON_NAME = AppIcon;
				ASSETCATALOG_COMPILER_GLOBAL_ACCENT_COLOR_NAME = AccentColor;
				CODE_SIGN_STYLE = Automatic;
				CURRENT_PROJECT_VERSION = 1;
				DEVELOPMENT_ASSET_PATHS = "\"Final Grade Calculator/Preview Content\"";
				DEVELOPMENT_TEAM = K5B95PW75W;
				ENABLE_PREVIEWS = YES;
				GENERATE_INFOPLIST_FILE = YES;
				INFOPLIST_KEY_UIApplicationSceneManifest_Generation = YES;
				INFOPLIST_KEY_UIApplicationSupportsIndirectInputEvents = YES;
				INFOPLIST_KEY_UILaunchScreen_Generation = YES;
				INFOPLIST_KEY_UISupportedInterfaceOrientations_iPad = "UIInterfaceOrientationPortrait UIInterfaceOrientationPortraitUpsideDown UIInterfaceOrientationLandscapeLeft UIInterfaceOrientationLandscapeRight";
				INFOPLIST_KEY_UISupportedInterfaceOrientations_iPhone = "UIInterfaceOrientationPortrait UIInterfaceOrientationLandscapeLeft UIInterfaceOrientationLandscapeRight";
				LD_RUNPATH_SEARCH_PATHS = (
					"$(inherited)",
					"@executable_path/Frameworks",
				);
				MARKETING_VERSION = 1.0;
				PRODUCT_BUNDLE_IDENTIFIER = "oliver-industries.Final-Grade-Calculator";
				PRODUCT_NAME = "$(TARGET_NAME)";
				SWIFT_EMIT_LOC_STRINGS = YES;
				SWIFT_VERSION = 5.0;
				TARGETED_DEVICE_FAMILY = "1,2";
			};
			name = Release;
		};
		3416B8B728EB322600707DBE /* Debug */ = {
			isa = XCBuildConfiguration;
			buildSettings = {
				ALWAYS_EMBED_SWIFT_STANDARD_LIBRARIES = YES;
				BUNDLE_LOADER = "$(TEST_HOST)";
				CODE_SIGN_STYLE = Automatic;
				CURRENT_PROJECT_VERSION = 1;
				DEVELOPMENT_TEAM = K5B95PW75W;
				GENERATE_INFOPLIST_FILE = YES;
				IPHONEOS_DEPLOYMENT_TARGET = 16.0;
				MARKETING_VERSION = 1.0;
				PRODUCT_BUNDLE_IDENTIFIER = "oliver-industries.Final-Grade-CalculatorTests";
				PRODUCT_NAME = "$(TARGET_NAME)";
				SWIFT_EMIT_LOC_STRINGS = NO;
				SWIFT_VERSION = 5.0;
				TARGETED_DEVICE_FAMILY = "1,2";
				TEST_HOST = "$(BUILT_PRODUCTS_DIR)/Final Grade Calculator.app/$(BUNDLE_EXECUTABLE_FOLDER_PATH)/Final Grade Calculator";
			};
			name = Debug;
		};
		3416B8B828EB322600707DBE /* Release */ = {
			isa = XCBuildConfiguration;
			buildSettings = {
				ALWAYS_EMBED_SWIFT_STANDARD_LIBRARIES = YES;
				BUNDLE_LOADER = "$(TEST_HOST)";
				CODE_SIGN_STYLE = Automatic;
				CURRENT_PROJECT_VERSION = 1;
				DEVELOPMENT_TEAM = K5B95PW75W;
				GENERATE_INFOPLIST_FILE = YES;
				IPHONEOS_DEPLOYMENT_TARGET = 16.0;
				MARKETING_VERSION = 1.0;
				PRODUCT_BUNDLE_IDENTIFIER = "oliver-industries.Final-Grade-CalculatorTests";
				PRODUCT_NAME = "$(TARGET_NAME)";
				SWIFT_EMIT_LOC_STRINGS = NO;
				SWIFT_VERSION = 5.0;
				TARGETED_DEVICE_FAMILY = "1,2";
				TEST_HOST = "$(BUILT_PRODUCTS_DIR)/Final Grade Calculator.app/$(BUNDLE_EXECUTABLE_FOLDER_PATH)/Final Grade Calculator";
			};
			name = Release;
		};
		3416B8BA28EB322600707DBE /* Debug */ = {
			isa = XCBuildConfiguration;
			buildSettings = {
				ALWAYS_EMBED_SWIFT_STANDARD_LIBRARIES = YES;
				CODE_SIGN_STYLE = Automatic;
				CURRENT_PROJECT_VERSION = 1;
				DEVELOPMENT_TEAM = K5B95PW75W;
				GENERATE_INFOPLIST_FILE = YES;
				MARKETING_VERSION = 1.0;
				PRODUCT_BUNDLE_IDENTIFIER = "oliver-industries.Final-Grade-CalculatorUITests";
				PRODUCT_NAME = "$(TARGET_NAME)";
				SWIFT_EMIT_LOC_STRINGS = NO;
				SWIFT_VERSION = 5.0;
				TARGETED_DEVICE_FAMILY = "1,2";
				TEST_TARGET_NAME = "Final Grade Calculator";
			};
			name = Debug;
		};
		3416B8BB28EB322600707DBE /* Release */ = {
			isa = XCBuildConfiguration;
			buildSettings = {
				ALWAYS_EMBED_SWIFT_STANDARD_LIBRARIES = YES;
				CODE_SIGN_STYLE = Automatic;
				CURRENT_PROJECT_VERSION = 1;
				DEVELOPMENT_TEAM = K5B95PW75W;
				GENERATE_INFOPLIST_FILE = YES;
				MARKETING_VERSION = 1.0;
				PRODUCT_BUNDLE_IDENTIFIER = "oliver-industries.Final-Grade-CalculatorUITests";
				PRODUCT_NAME = "$(TARGET_NAME)";
				SWIFT_EMIT_LOC_STRINGS = NO;
				SWIFT_VERSION = 5.0;
				TARGETED_DEVICE_FAMILY = "1,2";
				TEST_TARGET_NAME = "Final Grade Calculator";
			};
			name = Release;
		};
/* End XCBuildConfiguration section */

/* Begin XCConfigurationList section */
		3416B88A28EB322500707DBE /* Build configuration list for PBXProject "Final Grade Calculator" */ = {
			isa = XCConfigurationList;
			buildConfigurations = (
				3416B8B128EB322600707DBE /* Debug */,
				3416B8B228EB322600707DBE /* Release */,
			);
			defaultConfigurationIsVisible = 0;
			defaultConfigurationName = Release;
		};
		3416B8B328EB322600707DBE /* Build configuration list for PBXNativeTarget "Final Grade Calculator" */ = {
			isa = XCConfigurationList;
			buildConfigurations = (
				3416B8B428EB322600707DBE /* Debug */,
				3416B8B528EB322600707DBE /* Release */,
			);
			defaultConfigurationIsVisible = 0;
			defaultConfigurationName = Release;
		};
		3416B8B628EB322600707DBE /* Build configuration list for PBXNativeTarget "Final Grade CalculatorTests" */ = {
			isa = XCConfigurationList;
			buildConfigurations = (
				3416B8B728EB322600707DBE /* Debug */,
				3416B8B828EB322600707DBE /* Release */,
			);
			defaultConfigurationIsVisible = 0;
			defaultConfigurationName = Release;
		};
		3416B8B928EB322600707DBE /* Build configuration list for PBXNativeTarget "Final Grade CalculatorUITests" */ = {
			isa = XCConfigurationList;
			buildConfigurations = (
				3416B8BA28EB322600707DBE /* Debug */,
				3416B8BB28EB322600707DBE /* Release */,
			);
			defaultConfigurationIsVisible = 0;
			defaultConfigurationName = Release;
		};
/* End XCConfigurationList section */
	};
	rootObject = 3416B88728EB322500707DBE /* Project object */;
}
